
Microsoft Visual Studio Solution File, Format Version 12.00
# Visual Studio Version 16
VisualStudioVersion = 16.0.31911.196
MinimumVisualStudioVersion = 10.0.40219.1
Project("{FAE04EC0-301F-11D3-BF4B-00C04F79EFBC}") = "Hide", "Hide\Hide.csproj", "{E81AA781-4969-4149-A4E4-E80131632735}"
EndProject
Project("{FAE04EC0-301F-11D3-BF4B-00C04F79EFBC}") = "Numbers", "Numbers\Numbers.csproj", "{898AFB87-7E3E-48EB-AA52-495333EEC4BD}"
EndProject
Project("{FAE04EC0-301F-11D3-BF4B-00C04F79EFBC}") = "Calculator", "Calculator\Calculator.csproj", "{DDAF93A1-A7DD-48AB-B581-C3E1925465B2}"
EndProject
Project("{FAE04EC0-301F-11D3-BF4B-00C04F79EFBC}") = "RatCalc", "RatCalc\RatCalc.csproj", "{6F07804F-4006-45CE-80EE-7B5481CB1493}"
EndProject
Project("{FAE04EC0-301F-11D3-BF4B-00C04F79EFBC}") = "Rectangle", "Rectangle\Rectangle.csproj", "{66D52DDF-74DA-4BBB-9FCF-0561FCEA5551}"
EndProject
Project("{FAE04EC0-301F-11D3-BF4B-00C04F79EFBC}") = "Toto", "Toto\Toto.csproj", "{E92D8ECF-8F47-4DEA-93C5-4358663EBB54}"
EndProject
Project("{FAE04EC0-301F-11D3-BF4B-00C04F79EFBC}") = "Results", "Results\Results.csproj", "{09526D5C-76AF-49BA-8F4C-A1999355088A}"
EndProject
Global
	GlobalSection(SolutionConfigurationPlatforms) = preSolution
		Debug|Any CPU = Debug|Any CPU
		Release|Any CPU = Release|Any CPU
	EndGlobalSection
	GlobalSection(ProjectConfigurationPlatforms) = postSolution
		{E81AA781-4969-4149-A4E4-E80131632735}.Debug|Any CPU.ActiveCfg = Debug|Any CPU
		{E81AA781-4969-4149-A4E4-E80131632735}.Debug|Any CPU.Build.0 = Debug|Any CPU
		{E81AA781-4969-4149-A4E4-E80131632735}.Release|Any CPU.ActiveCfg = Release|Any CPU
		{E81AA781-4969-4149-A4E4-E80131632735}.Release|Any CPU.Build.0 = Release|Any CPU
		{898AFB87-7E3E-48EB-AA52-495333EEC4BD}.Debug|Any CPU.ActiveCfg = Debug|Any CPU
		{898AFB87-7E3E-48EB-AA52-495333EEC4BD}.Debug|Any CPU.Build.0 = Debug|Any CPU
		{898AFB87-7E3E-48EB-AA52-495333EEC4BD}.Release|Any CPU.ActiveCfg = Release|Any CPU
		{898AFB87-7E3E-48EB-AA52-495333EEC4BD}.Release|Any CPU.Build.0 = Release|Any CPU
		{DDAF93A1-A7DD-48AB-B581-C3E1925465B2}.Debug|Any CPU.ActiveCfg = Debug|Any CPU
		{DDAF93A1-A7DD-48AB-B581-C3E1925465B2}.Debug|Any CPU.Build.0 = Debug|Any CPU
		{DDAF93A1-A7DD-48AB-B581-C3E1925465B2}.Release|Any CPU.ActiveCfg = Release|Any CPU
		{DDAF93A1-A7DD-48AB-B581-C3E1925465B2}.Release|Any CPU.Build.0 = Release|Any CPU
		{6F07804F-4006-45CE-80EE-7B5481CB1493}.Debug|Any CPU.ActiveCfg = Debug|Any CPU
		{6F07804F-4006-45CE-80EE-7B5481CB1493}.Debug|Any CPU.Build.0 = Debug|Any CPU
		{6F07804F-4006-45CE-80EE-7B5481CB1493}.Release|Any CPU.ActiveCfg = Release|Any CPU
		{6F07804F-4006-45CE-80EE-7B5481CB1493}.Release|Any CPU.Build.0 = Release|Any CPU
		{66D52DDF-74DA-4BBB-9FCF-0561FCEA5551}.Debug|Any CPU.ActiveCfg = Debug|Any CPU
		{66D52DDF-74DA-4BBB-9FCF-0561FCEA5551}.Debug|Any CPU.Build.0 = Debug|Any CPU
		{66D52DDF-74DA-4BBB-9FCF-0561FCEA5551}.Release|Any CPU.ActiveCfg = Release|Any CPU
		{66D52DDF-74DA-4BBB-9FCF-0561FCEA5551}.Release|Any CPU.Build.0 = Release|Any CPU
		{E92D8ECF-8F47-4DEA-93C5-4358663EBB54}.Debug|Any CPU.ActiveCfg = Debug|Any CPU
		{E92D8ECF-8F47-4DEA-93C5-4358663EBB54}.Debug|Any CPU.Build.0 = Debug|Any CPU
		{E92D8ECF-8F47-4DEA-93C5-4358663EBB54}.Release|Any CPU.ActiveCfg = Release|Any CPU
		{E92D8ECF-8F47-4DEA-93C5-4358663EBB54}.Release|Any CPU.Build.0 = Release|Any CPU
		{09526D5C-76AF-49BA-8F4C-A1999355088A}.Debug|Any CPU.ActiveCfg = Debug|Any CPU
		{09526D5C-76AF-49BA-8F4C-A1999355088A}.Debug|Any CPU.Build.0 = Debug|Any CPU
		{09526D5C-76AF-49BA-8F4C-A1999355088A}.Release|Any CPU.ActiveCfg = Release|Any CPU
		{09526D5C-76AF-49BA-8F4C-A1999355088A}.Release|Any CPU.Build.0 = Release|Any CPU
	EndGlobalSection
	GlobalSection(SolutionProperties) = preSolution
		HideSolutionNode = FALSE
	EndGlobalSection
	GlobalSection(ExtensibilityGlobals) = postSolution
		SolutionGuid = {876A7F85-298A-433A-9261-6DB6F7B04F79}
	EndGlobalSection
EndGlobal
